
Microsoft Visual Studio Solution File, Format Version 12.00
# Visual Studio Version 17
Project("{8BC9CEB8-8B4A-11D0-8D11-00A0C91BC942}") = "ALL_BUILD", "ALL_BUILD.vcxproj", "{142F463B-8CC6-380C-92D3-6D80716ADF08}"
	ProjectSection(ProjectDependencies) = postProject
		{A10689FA-23CF-3532-AF84-451877653238} = {A10689FA-23CF-3532-AF84-451877653238}
		{A6A86FCB-D742-3D91-8C27-AB7419791BF9} = {A6A86FCB-D742-3D91-8C27-AB7419791BF9}
		{99C8C495-85FF-3669-B294-D15087646BF3} = {99C8C495-85FF-3669-B294-D15087646BF3}
		{24F01355-E6A5-32ED-92C1-470B2F778848} = {24F01355-E6A5-32ED-92C1-470B2F778848}
	EndProjectSection
EndProject
Project("{8BC9CEB8-8B4A-11D0-8D11-00A0C91BC942}") = "INSTALL", "INSTALL.vcxproj", "{A1936985-174C-3E7F-B8F2-D42FB9132141}"
	ProjectSection(ProjectDependencies) = postProject
		{142F463B-8CC6-380C-92D3-6D80716ADF08} = {142F463B-8CC6-380C-92D3-6D80716ADF08}
		{A10689FA-23CF-3532-AF84-451877653238} = {A10689FA-23CF-3532-AF84-451877653238}
	EndProjectSection
EndProject
Project("{8BC9CEB8-8B4A-11D0-8D11-00A0C91BC942}") = "UpdateAssimpLibsDebugSymbolsAndDLLs", "UpdateAssimpLibsDebugSymbolsAndDLLs.vcxproj", "{C6EE94DC-7E47-3203-A195-148D4DBBC2C4}"
	ProjectSection(ProjectDependencies) = postProject
		{A10689FA-23CF-3532-AF84-451877653238} = {A10689FA-23CF-3532-AF84-451877653238}
	EndProjectSection
EndProject
Project("{8BC9CEB8-8B4A-11D0-8D11-00A0C91BC942}") = "ZERO_CHECK", "ZERO_CHECK.vcxproj", "{A10689FA-23CF-3532-AF84-451877653238}"
	ProjectSection(ProjectDependencies) = postProject
	EndProjectSection
EndProject
Project("{8BC9CEB8-8B4A-11D0-8D11-00A0C91BC942}") = "assimp", "code\assimp.vcxproj", "{A6A86FCB-D742-3D91-8C27-AB7419791BF9}"
	ProjectSection(ProjectDependencies) = postProject
		{A10689FA-23CF-3532-AF84-451877653238} = {A10689FA-23CF-3532-AF84-451877653238}
		{24F01355-E6A5-32ED-92C1-470B2F778848} = {24F01355-E6A5-32ED-92C1-470B2F778848}
	EndProjectSection
EndProject
Project("{8BC9CEB8-8B4A-11D0-8D11-00A0C91BC942}") = "uninstall", "uninstall.vcxproj", "{A33C953A-E637-3F2F-B227-68A4B67A3BC8}"
	ProjectSection(ProjectDependencies) = postProject
		{A10689FA-23CF-3532-AF84-451877653238} = {A10689FA-23CF-3532-AF84-451877653238}
	EndProjectSection
EndProject
Project("{8BC9CEB8-8B4A-11D0-8D11-00A0C91BC942}") = "unit", "test\unit.vcxproj", "{99C8C495-85FF-3669-B294-D15087646BF3}"
	ProjectSection(ProjectDependencies) = postProject
		{A10689FA-23CF-3532-AF84-451877653238} = {A10689FA-23CF-3532-AF84-451877653238}
		{A6A86FCB-D742-3D91-8C27-AB7419791BF9} = {A6A86FCB-D742-3D91-8C27-AB7419791BF9}
		{24F01355-E6A5-32ED-92C1-470B2F778848} = {24F01355-E6A5-32ED-92C1-470B2F778848}
	EndProjectSection
EndProject
Project("{8BC9CEB8-8B4A-11D0-8D11-00A0C91BC942}") = "zlibstatic", "contrib\zlib\zlibstatic.vcxproj", "{24F01355-E6A5-32ED-92C1-470B2F778848}"
	ProjectSection(ProjectDependencies) = postProject
		{A10689FA-23CF-3532-AF84-451877653238} = {A10689FA-23CF-3532-AF84-451877653238}
	EndProjectSection
EndProject
Global
	GlobalSection(SolutionConfigurationPlatforms) = preSolution
		Debug|x64 = Debug|x64
		Release|x64 = Release|x64
		MinSizeRel|x64 = MinSizeRel|x64
		RelWithDebInfo|x64 = RelWithDebInfo|x64
	EndGlobalSection
	GlobalSection(ProjectConfigurationPlatforms) = postSolution
		{142F463B-8CC6-380C-92D3-6D80716ADF08}.Debug|x64.ActiveCfg = Debug|x64
		{142F463B-8CC6-380C-92D3-6D80716ADF08}.Debug|x64.Build.0 = Debug|x64
		{142F463B-8CC6-380C-92D3-6D80716ADF08}.Release|x64.ActiveCfg = Release|x64
		{142F463B-8CC6-380C-92D3-6D80716ADF08}.Release|x64.Build.0 = Release|x64
		{142F463B-8CC6-380C-92D3-6D80716ADF08}.MinSizeRel|x64.ActiveCfg = MinSizeRel|x64
		{142F463B-8CC6-380C-92D3-6D80716ADF08}.MinSizeRel|x64.Build.0 = MinSizeRel|x64
		{142F463B-8CC6-380C-92D3-6D80716ADF08}.RelWithDebInfo|x64.ActiveCfg = RelWithDebInfo|x64
		{142F463B-8CC6-380C-92D3-6D80716ADF08}.RelWithDebInfo|x64.Build.0 = RelWithDebInfo|x64
		{A1936985-174C-3E7F-B8F2-D42FB9132141}.Debug|x64.ActiveCfg = Debug|x64
		{A1936985-174C-3E7F-B8F2-D42FB9132141}.Release|x64.ActiveCfg = Release|x64
		{A1936985-174C-3E7F-B8F2-D42FB9132141}.MinSizeRel|x64.ActiveCfg = MinSizeRel|x64
		{A1936985-174C-3E7F-B8F2-D42FB9132141}.RelWithDebInfo|x64.ActiveCfg = RelWithDebInfo|x64
		{C6EE94DC-7E47-3203-A195-148D4DBBC2C4}.Debug|x64.ActiveCfg = Debug|x64
		{C6EE94DC-7E47-3203-A195-148D4DBBC2C4}.Release|x64.ActiveCfg = Release|x64
		{C6EE94DC-7E47-3203-A195-148D4DBBC2C4}.MinSizeRel|x64.ActiveCfg = MinSizeRel|x64
		{C6EE94DC-7E47-3203-A195-148D4DBBC2C4}.RelWithDebInfo|x64.ActiveCfg = RelWithDebInfo|x64
		{A10689FA-23CF-3532-AF84-451877653238}.Debug|x64.ActiveCfg = Debug|x64
		{A10689FA-23CF-3532-AF84-451877653238}.Debug|x64.Build.0 = Debug|x64
		{A10689FA-23CF-3532-AF84-451877653238}.Release|x64.ActiveCfg = Release|x64
		{A10689FA-23CF-3532-AF84-451877653238}.Release|x64.Build.0 = Release|x64
		{A10689FA-23CF-3532-AF84-451877653238}.MinSizeRel|x64.ActiveCfg = MinSizeRel|x64
		{A10689FA-23CF-3532-AF84-451877653238}.MinSizeRel|x64.Build.0 = MinSizeRel|x64
		{A10689FA-23CF-3532-AF84-451877653238}.RelWithDebInfo|x64.ActiveCfg = RelWithDebInfo|x64
		{A10689FA-23CF-3532-AF84-451877653238}.RelWithDebInfo|x64.Build.0 = RelWithDebInfo|x64
		{A6A86FCB-D742-3D91-8C27-AB7419791BF9}.Debug|x64.ActiveCfg = Debug|x64
		{A6A86FCB-D742-3D91-8C27-AB7419791BF9}.Debug|x64.Build.0 = Debug|x64
		{A6A86FCB-D742-3D91-8C27-AB7419791BF9}.Release|x64.ActiveCfg = Release|x64
		{A6A86FCB-D742-3D91-8C27-AB7419791BF9}.Release|x64.Build.0 = Release|x64
		{A6A86FCB-D742-3D91-8C27-AB7419791BF9}.MinSizeRel|x64.ActiveCfg = MinSizeRel|x64
		{A6A86FCB-D742-3D91-8C27-AB7419791BF9}.MinSizeRel|x64.Build.0 = MinSizeRel|x64
		{A6A86FCB-D742-3D91-8C27-AB7419791BF9}.RelWithDebInfo|x64.ActiveCfg = RelWithDebInfo|x64
		{A6A86FCB-D742-3D91-8C27-AB7419791BF9}.RelWithDebInfo|x64.Build.0 = RelWithDebInfo|x64
		{A33C953A-E637-3F2F-B227-68A4B67A3BC8}.Debug|x64.ActiveCfg = Debug|x64
		{A33C953A-E637-3F2F-B227-68A4B67A3BC8}.Release|x64.ActiveCfg = Release|x64
		{A33C953A-E637-3F2F-B227-68A4B67A3BC8}.MinSizeRel|x64.ActiveCfg = MinSizeRel|x64
		{A33C953A-E637-3F2F-B227-68A4B67A3BC8}.RelWithDebInfo|x64.ActiveCfg = RelWithDebInfo|x64
		{99C8C495-85FF-3669-B294-D15087646BF3}.Debug|x64.ActiveCfg = Debug|x64
		{99C8C495-85FF-3669-B294-D15087646BF3}.Debug|x64.Build.0 = Debug|x64
		{99C8C495-85FF-3669-B294-D15087646BF3}.Release|x64.ActiveCfg = Release|x64
		{99C8C495-85FF-3669-B294-D15087646BF3}.Release|x64.Build.0 = Release|x64
		{99C8C495-85FF-3669-B294-D15087646BF3}.MinSizeRel|x64.ActiveCfg = MinSizeRel|x64
		{99C8C495-85FF-3669-B294-D15087646BF3}.MinSizeRel|x64.Build.0 = MinSizeRel|x64
		{99C8C495-85FF-3669-B294-D15087646BF3}.RelWithDebInfo|x64.ActiveCfg = RelWithDebInfo|x64
		{99C8C495-85FF-3669-B294-D15087646BF3}.RelWithDebInfo|x64.Build.0 = RelWithDebInfo|x64
		{24F01355-E6A5-32ED-92C1-470B2F778848}.Debug|x64.ActiveCfg = Debug|x64
		{24F01355-E6A5-32ED-92C1-470B2F778848}.Debug|x64.Build.0 = Debug|x64
		{24F01355-E6A5-32ED-92C1-470B2F778848}.Release|x64.ActiveCfg = Release|x64
		{24F01355-E6A5-32ED-92C1-470B2F778848}.Release|x64.Build.0 = Release|x64
		{24F01355-E6A5-32ED-92C1-470B2F778848}.MinSizeRel|x64.ActiveCfg = MinSizeRel|x64
		{24F01355-E6A5-32ED-92C1-470B2F778848}.MinSizeRel|x64.Build.0 = MinSizeRel|x64
		{24F01355-E6A5-32ED-92C1-470B2F778848}.RelWithDebInfo|x64.ActiveCfg = RelWithDebInfo|x64
		{24F01355-E6A5-32ED-92C1-470B2F778848}.RelWithDebInfo|x64.Build.0 = RelWithDebInfo|x64
	EndGlobalSection
	GlobalSection(ExtensibilityGlobals) = postSolution
		SolutionGuid = {C94CFBDD-4318-3456-A7B1-31C019FD9D7C}
	EndGlobalSection
	GlobalSection(ExtensibilityAddIns) = postSolution
	EndGlobalSection
EndGlobal
