<?xml version="1.0" encoding="utf-8"?>
<Project ToolsVersion="17.0" xmlns="http://schemas.microsoft.com/developer/msbuild/2003">
  <ItemGroup>
    <CustomBuild Include="D:\HorrorMaze\CMakeFiles\dfcc837b310ec23611138e0303b68abe\INSTALL_force.rule">
      <Filter>CMake Rules</Filter>
    </CustomBuild>
  </ItemGroup>
  <ItemGroup>
    <Filter Include="CMake Rules">
      <UniqueIdentifier>{CFDF2262-8555-3A07-A472-9F21FC146A3C}</UniqueIdentifier>
    </Filter>
  </ItemGroup>
</Project>
